# This file is automatically @generated by Cargo.
# It is not intended for manual editing.
version = 4

[[package]]
name = "cc"
version = "1.5.1"
source = "registry+https://github.com/rust-lang/crates.io-index"
checksum = "f360145194ee8e21db5ee7f3fcd4fe52210864c75c985dae33218202c8bbe040"
dependencies = [
 "find-msvc-tools",
 "shlex",
]

[[package]]
name = "copperline-cputest-runner"
version = "0.1.0"
dependencies = [
 "cc",
 "m68k",
]

[[package]]
name = "find-msvc-tools"
version = "0.1.14"
source = "registry+https://github.com/rust-lang/crates.io-index"
checksum = "aedcfb3409746eddb02b9e19ebda1c3394f759a152e48ee875a0844d1b955484"

[[package]]
name = "m68k"
version = "0.14.3"
source = "registry+https://github.com/rust-lang/crates.io-index"
checksum = "d147b9f460ceae5beb0ee82c186f70f15dd15e1de317187b7f018eff139626a9"

[[package]]
name = "shlex"
version = "2.0.1"
source = "registry+https://github.com/rust-lang/crates.io-index"
checksum = "f8fadd59c855ef2080decdef8ff161eb6661b86933c9d82e5ba29dc602a55aba"
